# THIS IS AN AUTOGENERATED FILE. DO NOT EDIT THIS FILE DIRECTLY.
# yarn lockfile v1


"@types/node@18.7.19":
  version "18.7.19"
  resolved "https://registry.yarnpkg.com/@types/node/-/node-18.7.19.tgz#ad83aa9b7af470fab7e0f562be87e97dc8ffe08e"
  integrity sha512-Sq1itGUKUX1ap7GgZlrzdBydjbsJL/NSQt/4wkAxUJ7/OS5c2WkoN6WSpWc2Yc5wtKMZOUA0VCs/j2XJadN3HA==

typescript@4.2.4:
  version "4.2.4"
  resolved "https://registry.yarnpkg.com/typescript/-/typescript-4.2.4.tgz#8610b59747de028fda898a8aef0e103f156d0961"
  integrity sha512-V+evlYHZnQkaz8TRBuxTA92yZBPotr5H+WhQ7bD3hZUndx5tGOa1fuCgeSjxAzM1RiN5IzvadIXTVefuuwZCRg==
